
Microsoft Visual Studio Solution File, Format Version 12.00
# Visual Studio 15
VisualStudioVersion = 15.0.27703.2018
MinimumVisualStudioVersion = 10.0.40219.1
Project("{FAE04EC0-301F-11D3-BF4B-00C04F79EFBC}") = "WpfAppChamber", "WpfAppChamber\WpfAppChamber.csproj", "{B0BE5B1A-BF11-4B3A-91DD-FE8F02C07C1C}"
EndProject
Global
	GlobalSection(SolutionConfigurationPlatforms) = preSolution
		Debug|Any CPU = Debug|Any CPU
		Release|Any CPU = Release|Any CPU
	EndGlobalSection
	GlobalSection(ProjectConfigurationPlatforms) = postSolution
		{B0BE5B1A-BF11-4B3A-91DD-FE8F02C07C1C}.Debug|Any CPU.ActiveCfg = Debug|Any CPU
		{B0BE5B1A-BF11-4B3A-91DD-FE8F02C07C1C}.Debug|Any CPU.Build.0 = Debug|Any CPU
		{B0BE5B1A-BF11-4B3A-91DD-FE8F02C07C1C}.Release|Any CPU.ActiveCfg = Release|Any CPU
		{B0BE5B1A-BF11-4B3A-91DD-FE8F02C07C1C}.Release|Any CPU.Build.0 = Release|Any CPU
	EndGlobalSection
	GlobalSection(SolutionProperties) = preSolution
		HideSolutionNode = FALSE
	EndGlobalSection
	GlobalSection(ExtensibilityGlobals) = postSolution
		SolutionGuid = {2EC4914E-B3BE-4ECD-9A48-B12DA0DA67CE}
	EndGlobalSection
EndGlobal
